
Microsoft Visual Studio Solution File, Format Version 12.00
# Visual Studio Version 16
VisualStudioVersion = 16.0.30413.136
MinimumVisualStudioVersion = 10.0.40219.1
Project("{9A19103F-16F7-4668-BE54-9A1E7A4F7556}") = "DataAcquisition.API", "DataAcquisition.API\DataAcquisition.API.csproj", "{0EDE08D1-6815-416A-AC7A-B18974813AA7}"
EndProject
Project("{9A19103F-16F7-4668-BE54-9A1E7A4F7556}") = "DataAcquisition.ConnectionManager", "DataAcquisition.ConnectionManager\DataAcquisition.ConnectionManager.csproj", "{0281E19F-CCCD-4270-8E62-3175E3635934}"
EndProject
Project("{9A19103F-16F7-4668-BE54-9A1E7A4F7556}") = "DataAcquisition.DeviceLibrary", "DataAcquisition.DeviceLibrary\DataAcquisition.DeviceLibrary.csproj", "{33325E54-BBB3-41D2-B0F8-0D9B3067A13F}"
EndProject
Project("{9A19103F-16F7-4668-BE54-9A1E7A4F7556}") = "DataAcquisition.NotificationManager", "DataAcquisition.NotificationManager\DataAcquisition.NotificationManager.csproj", "{F127C7CE-3B66-43F7-8C55-D6F055702402}"
EndProject
Project("{9A19103F-16F7-4668-BE54-9A1E7A4F7556}") = "DataAcquisition.Analyser", "DataAcquisition.Analyser\DataAcquisition.Analyser.csproj", "{B0D8AC94-981A-4F96-89FE-8438AEE018FA}"
EndProject
Project("{9A19103F-16F7-4668-BE54-9A1E7A4F7556}") = "DataAcquisition.CalibrationManager", "DataAcquisition.CalibrationManager\DataAcquisition.CalibrationManager.csproj", "{157D0D70-E5A0-44FF-B16E-F3838C0A36A5}"
EndProject
Project("{9A19103F-16F7-4668-BE54-9A1E7A4F7556}") = "DataAcquisition.ReportManager", "DataAcquisition.ReportManager\DataAcquisition.ReportManager.csproj", "{87FF4E6B-0FC1-4EED-BCFA-D8AB205CEDF7}"
EndProject
Project("{9A19103F-16F7-4668-BE54-9A1E7A4F7556}") = "DataAcquisition.ExperimentManager", "DataAcquisition.ExperimentManager\DataAcquisition.ExperimentManager.csproj", "{A843086A-B732-4009-AAA0-A7066DCC12B8}"
EndProject
Project("{9A19103F-16F7-4668-BE54-9A1E7A4F7556}") = "DataAcquisition.DeviceSimulator", "DataAcquisition.DeviceSimulator\DataAcquisition.DeviceSimulator.csproj", "{19BE14D0-21A9-49D8-BF9D-97EB9D1237AC}"
EndProject
Project("{9A19103F-16F7-4668-BE54-9A1E7A4F7556}") = "DataAcquisition.Scanner", "DataAcquisition.Scanner\DataAcquisition.Scanner.csproj", "{202AC8FC-8B47-4B4C-A549-87FE0B3EEAC4}"
EndProject
Project("{9A19103F-16F7-4668-BE54-9A1E7A4F7556}") = "DataAcquisition.DataAccessEF", "DataAcquisition.DataAccessEF\DataAcquisition.DataAccessEF.csproj", "{F45FCAAD-C920-420E-B44A-4A681058BFD4}"
EndProject
Project("{9A19103F-16F7-4668-BE54-9A1E7A4F7556}") = "DataAcquisition.Interface", "DataAcquisition.Interface\DataAcquisition.Interface.csproj", "{EEBD5214-937D-410F-9FAD-8195183D4ACC}"
EndProject
Project("{9A19103F-16F7-4668-BE54-9A1E7A4F7556}") = "DataAcquisition.Service", "DataAcquisition.Service\DataAcquisition.Service.csproj", "{1EBA8671-98C6-4055-B6A0-63355AD0EE01}"
EndProject
Project("{9A19103F-16F7-4668-BE54-9A1E7A4F7556}") = "DataAcquisition.Repository", "DataAcquisition.Repository\DataAcquisition.Repository.csproj", "{C9005940-0DBA-46B8-8541-CBABA58F0DE8}"
EndProject
Project("{2150E333-8FDC-42A3-9474-1A3956D46DE8}") = "Core", "Core", "{D0FEF3AD-7800-4872-9725-EDBAE9F1292C}"
EndProject
Project("{2150E333-8FDC-42A3-9474-1A3956D46DE8}") = "Device", "Device", "{F706CF49-2BA4-4C24-A9C4-23291812C021}"
EndProject
Project("{2150E333-8FDC-42A3-9474-1A3956D46DE8}") = "Data", "Data", "{FD75B6D6-4842-4999-85D8-CD50710841B4}"
EndProject
Project("{2150E333-8FDC-42A3-9474-1A3956D46DE8}") = "Info", "Info", "{7C572033-C45D-481B-B2F8-DA7D9F81A8E4}"
EndProject
Project("{2150E333-8FDC-42A3-9474-1A3956D46DE8}") = "Web", "Web", "{7F977D96-3187-4BF3-9D72-B853542F47B7}"
EndProject
Project("{2150E333-8FDC-42A3-9474-1A3956D46DE8}") = "Service", "Service", "{7E90BB89-53C1-4481-B68A-2BA12F0AC5DA}"
EndProject
Project("{9A19103F-16F7-4668-BE54-9A1E7A4F7556}") = "DataAcquisition.Model", "DataAcquisition.Model\DataAcquisition.Model.csproj", "{3C096353-85E4-47B8-9568-0C95DE907252}"
EndProject
Project("{FAE04EC0-301F-11D3-BF4B-00C04F79EFBC}") = "DataAcquisition.LicenseManager", "DataAcquisition.LicenseManager\DataAcquisition.LicenseManager.csproj", "{7F053B78-135F-42A6-A035-D59DFF360573}"
EndProject
Global
	GlobalSection(SolutionConfigurationPlatforms) = preSolution
		Debug|Any CPU = Debug|Any CPU
		Release|Any CPU = Release|Any CPU
	EndGlobalSection
	GlobalSection(ProjectConfigurationPlatforms) = postSolution
		{0EDE08D1-6815-416A-AC7A-B18974813AA7}.Debug|Any CPU.ActiveCfg = Debug|Any CPU
		{0EDE08D1-6815-416A-AC7A-B18974813AA7}.Debug|Any CPU.Build.0 = Debug|Any CPU
		{0EDE08D1-6815-416A-AC7A-B18974813AA7}.Release|Any CPU.ActiveCfg = Release|Any CPU
		{0EDE08D1-6815-416A-AC7A-B18974813AA7}.Release|Any CPU.Build.0 = Release|Any CPU
		{0281E19F-CCCD-4270-8E62-3175E3635934}.Debug|Any CPU.ActiveCfg = Debug|Any CPU
		{0281E19F-CCCD-4270-8E62-3175E3635934}.Debug|Any CPU.Build.0 = Debug|Any CPU
		{0281E19F-CCCD-4270-8E62-3175E3635934}.Release|Any CPU.ActiveCfg = Release|Any CPU
		{0281E19F-CCCD-4270-8E62-3175E3635934}.Release|Any CPU.Build.0 = Release|Any CPU
		{33325E54-BBB3-41D2-B0F8-0D9B3067A13F}.Debug|Any CPU.ActiveCfg = Debug|Any CPU
		{33325E54-BBB3-41D2-B0F8-0D9B3067A13F}.Debug|Any CPU.Build.0 = Debug|Any CPU
		{33325E54-BBB3-41D2-B0F8-0D9B3067A13F}.Release|Any CPU.ActiveCfg = Release|Any CPU
		{33325E54-BBB3-41D2-B0F8-0D9B3067A13F}.Release|Any CPU.Build.0 = Release|Any CPU
		{F127C7CE-3B66-43F7-8C55-D6F055702402}.Debug|Any CPU.ActiveCfg = Debug|Any CPU
		{F127C7CE-3B66-43F7-8C55-D6F055702402}.Debug|Any CPU.Build.0 = Debug|Any CPU
		{F127C7CE-3B66-43F7-8C55-D6F055702402}.Release|Any CPU.ActiveCfg = Release|Any CPU
		{F127C7CE-3B66-43F7-8C55-D6F055702402}.Release|Any CPU.Build.0 = Release|Any CPU
		{B0D8AC94-981A-4F96-89FE-8438AEE018FA}.Debug|Any CPU.ActiveCfg = Debug|Any CPU
		{B0D8AC94-981A-4F96-89FE-8438AEE018FA}.Debug|Any CPU.Build.0 = Debug|Any CPU
		{B0D8AC94-981A-4F96-89FE-8438AEE018FA}.Release|Any CPU.ActiveCfg = Release|Any CPU
		{B0D8AC94-981A-4F96-89FE-8438AEE018FA}.Release|Any CPU.Build.0 = Release|Any CPU
		{157D0D70-E5A0-44FF-B16E-F3838C0A36A5}.Debug|Any CPU.ActiveCfg = Debug|Any CPU
		{157D0D70-E5A0-44FF-B16E-F3838C0A36A5}.Debug|Any CPU.Build.0 = Debug|Any CPU
		{157D0D70-E5A0-44FF-B16E-F3838C0A36A5}.Release|Any CPU.ActiveCfg = Release|Any CPU
		{157D0D70-E5A0-44FF-B16E-F3838C0A36A5}.Release|Any CPU.Build.0 = Release|Any CPU
		{87FF4E6B-0FC1-4EED-BCFA-D8AB205CEDF7}.Debug|Any CPU.ActiveCfg = Debug|Any CPU
		{87FF4E6B-0FC1-4EED-BCFA-D8AB205CEDF7}.Debug|Any CPU.Build.0 = Debug|Any CPU
		{87FF4E6B-0FC1-4EED-BCFA-D8AB205CEDF7}.Release|Any CPU.ActiveCfg = Release|Any CPU
		{87FF4E6B-0FC1-4EED-BCFA-D8AB205CEDF7}.Release|Any CPU.Build.0 = Release|Any CPU
		{A843086A-B732-4009-AAA0-A7066DCC12B8}.Debug|Any CPU.ActiveCfg = Debug|Any CPU
		{A843086A-B732-4009-AAA0-A7066DCC12B8}.Debug|Any CPU.Build.0 = Debug|Any CPU
		{A843086A-B732-4009-AAA0-A7066DCC12B8}.Release|Any CPU.ActiveCfg = Release|Any CPU
		{A843086A-B732-4009-AAA0-A7066DCC12B8}.Release|Any CPU.Build.0 = Release|Any CPU
		{19BE14D0-21A9-49D8-BF9D-97EB9D1237AC}.Debug|Any CPU.ActiveCfg = Debug|Any CPU
		{19BE14D0-21A9-49D8-BF9D-97EB9D1237AC}.Debug|Any CPU.Build.0 = Debug|Any CPU
		{19BE14D0-21A9-49D8-BF9D-97EB9D1237AC}.Release|Any CPU.ActiveCfg = Release|Any CPU
		{19BE14D0-21A9-49D8-BF9D-97EB9D1237AC}.Release|Any CPU.Build.0 = Release|Any CPU
		{202AC8FC-8B47-4B4C-A549-87FE0B3EEAC4}.Debug|Any CPU.ActiveCfg = Debug|Any CPU
		{202AC8FC-8B47-4B4C-A549-87FE0B3EEAC4}.Debug|Any CPU.Build.0 = Debug|Any CPU
		{202AC8FC-8B47-4B4C-A549-87FE0B3EEAC4}.Release|Any CPU.ActiveCfg = Release|Any CPU
		{202AC8FC-8B47-4B4C-A549-87FE0B3EEAC4}.Release|Any CPU.Build.0 = Release|Any CPU
		{F45FCAAD-C920-420E-B44A-4A681058BFD4}.Debug|Any CPU.ActiveCfg = Debug|Any CPU
		{F45FCAAD-C920-420E-B44A-4A681058BFD4}.Debug|Any CPU.Build.0 = Debug|Any CPU
		{F45FCAAD-C920-420E-B44A-4A681058BFD4}.Release|Any CPU.ActiveCfg = Release|Any CPU
		{F45FCAAD-C920-420E-B44A-4A681058BFD4}.Release|Any CPU.Build.0 = Release|Any CPU
		{EEBD5214-937D-410F-9FAD-8195183D4ACC}.Debug|Any CPU.ActiveCfg = Debug|Any CPU
		{EEBD5214-937D-410F-9FAD-8195183D4ACC}.Debug|Any CPU.Build.0 = Debug|Any CPU
		{EEBD5214-937D-410F-9FAD-8195183D4ACC}.Release|Any CPU.ActiveCfg = Release|Any CPU
		{EEBD5214-937D-410F-9FAD-8195183D4ACC}.Release|Any CPU.Build.0 = Release|Any CPU
		{1EBA8671-98C6-4055-B6A0-63355AD0EE01}.Debug|Any CPU.ActiveCfg = Debug|Any CPU
		{1EBA8671-98C6-4055-B6A0-63355AD0EE01}.Debug|Any CPU.Build.0 = Debug|Any CPU
		{1EBA8671-98C6-4055-B6A0-63355AD0EE01}.Release|Any CPU.ActiveCfg = Release|Any CPU
		{1EBA8671-98C6-4055-B6A0-63355AD0EE01}.Release|Any CPU.Build.0 = Release|Any CPU
		{C9005940-0DBA-46B8-8541-CBABA58F0DE8}.Debug|Any CPU.ActiveCfg = Debug|Any CPU
		{C9005940-0DBA-46B8-8541-CBABA58F0DE8}.Debug|Any CPU.Build.0 = Debug|Any CPU
		{C9005940-0DBA-46B8-8541-CBABA58F0DE8}.Release|Any CPU.ActiveCfg = Release|Any CPU
		{C9005940-0DBA-46B8-8541-CBABA58F0DE8}.Release|Any CPU.Build.0 = Release|Any CPU
		{3C096353-85E4-47B8-9568-0C95DE907252}.Debug|Any CPU.ActiveCfg = Debug|Any CPU
		{3C096353-85E4-47B8-9568-0C95DE907252}.Debug|Any CPU.Build.0 = Debug|Any CPU
		{3C096353-85E4-47B8-9568-0C95DE907252}.Release|Any CPU.ActiveCfg = Release|Any CPU
		{3C096353-85E4-47B8-9568-0C95DE907252}.Release|Any CPU.Build.0 = Release|Any CPU
		{7F053B78-135F-42A6-A035-D59DFF360573}.Debug|Any CPU.ActiveCfg = Debug|Any CPU
		{7F053B78-135F-42A6-A035-D59DFF360573}.Debug|Any CPU.Build.0 = Debug|Any CPU
		{7F053B78-135F-42A6-A035-D59DFF360573}.Release|Any CPU.ActiveCfg = Release|Any CPU
		{7F053B78-135F-42A6-A035-D59DFF360573}.Release|Any CPU.Build.0 = Release|Any CPU
	EndGlobalSection
	GlobalSection(SolutionProperties) = preSolution
		HideSolutionNode = FALSE
	EndGlobalSection
	GlobalSection(NestedProjects) = preSolution
		{0EDE08D1-6815-416A-AC7A-B18974813AA7} = {7F977D96-3187-4BF3-9D72-B853542F47B7}
		{0281E19F-CCCD-4270-8E62-3175E3635934} = {F706CF49-2BA4-4C24-A9C4-23291812C021}
		{33325E54-BBB3-41D2-B0F8-0D9B3067A13F} = {F706CF49-2BA4-4C24-A9C4-23291812C021}
		{F127C7CE-3B66-43F7-8C55-D6F055702402} = {7C572033-C45D-481B-B2F8-DA7D9F81A8E4}
		{B0D8AC94-981A-4F96-89FE-8438AEE018FA} = {FD75B6D6-4842-4999-85D8-CD50710841B4}
		{157D0D70-E5A0-44FF-B16E-F3838C0A36A5} = {F706CF49-2BA4-4C24-A9C4-23291812C021}
		{87FF4E6B-0FC1-4EED-BCFA-D8AB205CEDF7} = {FD75B6D6-4842-4999-85D8-CD50710841B4}
		{A843086A-B732-4009-AAA0-A7066DCC12B8} = {FD75B6D6-4842-4999-85D8-CD50710841B4}
		{19BE14D0-21A9-49D8-BF9D-97EB9D1237AC} = {F706CF49-2BA4-4C24-A9C4-23291812C021}
		{202AC8FC-8B47-4B4C-A549-87FE0B3EEAC4} = {F706CF49-2BA4-4C24-A9C4-23291812C021}
		{F45FCAAD-C920-420E-B44A-4A681058BFD4} = {D0FEF3AD-7800-4872-9725-EDBAE9F1292C}
		{EEBD5214-937D-410F-9FAD-8195183D4ACC} = {D0FEF3AD-7800-4872-9725-EDBAE9F1292C}
		{1EBA8671-98C6-4055-B6A0-63355AD0EE01} = {7E90BB89-53C1-4481-B68A-2BA12F0AC5DA}
		{C9005940-0DBA-46B8-8541-CBABA58F0DE8} = {D0FEF3AD-7800-4872-9725-EDBAE9F1292C}
		{3C096353-85E4-47B8-9568-0C95DE907252} = {D0FEF3AD-7800-4872-9725-EDBAE9F1292C}
		{7F053B78-135F-42A6-A035-D59DFF360573} = {7C572033-C45D-481B-B2F8-DA7D9F81A8E4}
	EndGlobalSection
	GlobalSection(ExtensibilityGlobals) = postSolution
		SolutionGuid = {C46F81A3-47CA-4878-8A73-052BCEB673E7}
	EndGlobalSection
EndGlobal
