
Microsoft Visual Studio Solution File, Format Version 12.00
# Visual Studio Version 16
VisualStudioVersion = 16.0.30413.136
MinimumVisualStudioVersion = 10.0.40219.1
Project("{9A19103F-16F7-4668-BE54-9A1E7A4F7556}") = "DataAcquisition.DataAccessEF", "DataAcquisition.DataAccessEF\DataAcquisition.DataAccessEF.csproj", "{F45FCAAD-C920-420E-B44A-4A681058BFD4}"
EndProject
Project("{9A19103F-16F7-4668-BE54-9A1E7A4F7556}") = "DataAcquisition.Service", "DataAcquisition.Service\DataAcquisition.Service.csproj", "{1EBA8671-98C6-4055-B6A0-63355AD0EE01}"
EndProject
Project("{9A19103F-16F7-4668-BE54-9A1E7A4F7556}") = "DataAcquisition.Repository", "DataAcquisition.Repository\DataAcquisition.Repository.csproj", "{C9005940-0DBA-46B8-8541-CBABA58F0DE8}"
EndProject
Project("{9A19103F-16F7-4668-BE54-9A1E7A4F7556}") = "DataAcquisition.API", "DataAcquisition.API\DataAcquisition.API.csproj", "{FB4CA95F-603D-4440-980C-E80BEE40F36F}"
EndProject
Project("{9A19103F-16F7-4668-BE54-9A1E7A4F7556}") = "DataAcquisition.CalibrationManager", "DataAcquisition.CalibrationManager\DataAcquisition.CalibrationManager.csproj", "{317D767A-F00E-424E-B5D9-CD754BD93C01}"
EndProject
Project("{9A19103F-16F7-4668-BE54-9A1E7A4F7556}") = "DataAcquisition.DeviceManager", "DataAcquisition.DeviceManager\DataAcquisition.DeviceManager.csproj", "{B4AE2208-4510-4280-ADEC-18263BC29FCD}"
EndProject
Project("{9A19103F-16F7-4668-BE54-9A1E7A4F7556}") = "DataAcquisition.ConnectionManager", "DataAcquisition.ConnectionManager\DataAcquisition.ConnectionManager.csproj", "{D09AE150-72A9-4EEB-843F-1B30C488FFE7}"
EndProject
Project("{9A19103F-16F7-4668-BE54-9A1E7A4F7556}") = "DataAcquisition.Scanner", "DataAcquisition.Scanner\DataAcquisition.Scanner.csproj", "{E2912B84-01F4-4D32-9B3A-B6F5343AA76C}"
EndProject
Project("{9A19103F-16F7-4668-BE54-9A1E7A4F7556}") = "DataAcquisition.DeviceLibrary", "DataAcquisition.DeviceLibrary\DataAcquisition.DeviceLibrary.csproj", "{C1BC916E-6023-4A81-AC78-28C0CE56E812}"
EndProject
Project("{9A19103F-16F7-4668-BE54-9A1E7A4F7556}") = "DataAcquisition.Core", "DataAcquisition.Core\DataAcquisition.Core.csproj", "{8C0CFE64-AA34-4FB4-8534-DBB1F1194F6A}"
EndProject
Project("{9A19103F-16F7-4668-BE54-9A1E7A4F7556}") = "DataAcquisition.ExperimentManager", "DataAcquisition.ExperimentManager\DataAcquisition.ExperimentManager.csproj", "{9680F62F-A632-46DE-B364-3188DFEE10CD}"
EndProject
Global
	GlobalSection(SolutionConfigurationPlatforms) = preSolution
		Debug|Any CPU = Debug|Any CPU
		Release|Any CPU = Release|Any CPU
	EndGlobalSection
	GlobalSection(ProjectConfigurationPlatforms) = postSolution
		{F45FCAAD-C920-420E-B44A-4A681058BFD4}.Debug|Any CPU.ActiveCfg = Debug|Any CPU
		{F45FCAAD-C920-420E-B44A-4A681058BFD4}.Debug|Any CPU.Build.0 = Debug|Any CPU
		{F45FCAAD-C920-420E-B44A-4A681058BFD4}.Release|Any CPU.ActiveCfg = Release|Any CPU
		{F45FCAAD-C920-420E-B44A-4A681058BFD4}.Release|Any CPU.Build.0 = Release|Any CPU
		{1EBA8671-98C6-4055-B6A0-63355AD0EE01}.Debug|Any CPU.ActiveCfg = Debug|Any CPU
		{1EBA8671-98C6-4055-B6A0-63355AD0EE01}.Debug|Any CPU.Build.0 = Debug|Any CPU
		{1EBA8671-98C6-4055-B6A0-63355AD0EE01}.Release|Any CPU.ActiveCfg = Release|Any CPU
		{1EBA8671-98C6-4055-B6A0-63355AD0EE01}.Release|Any CPU.Build.0 = Release|Any CPU
		{C9005940-0DBA-46B8-8541-CBABA58F0DE8}.Debug|Any CPU.ActiveCfg = Debug|Any CPU
		{C9005940-0DBA-46B8-8541-CBABA58F0DE8}.Debug|Any CPU.Build.0 = Debug|Any CPU
		{C9005940-0DBA-46B8-8541-CBABA58F0DE8}.Release|Any CPU.ActiveCfg = Release|Any CPU
		{C9005940-0DBA-46B8-8541-CBABA58F0DE8}.Release|Any CPU.Build.0 = Release|Any CPU
		{FB4CA95F-603D-4440-980C-E80BEE40F36F}.Debug|Any CPU.ActiveCfg = Debug|Any CPU
		{FB4CA95F-603D-4440-980C-E80BEE40F36F}.Debug|Any CPU.Build.0 = Debug|Any CPU
		{FB4CA95F-603D-4440-980C-E80BEE40F36F}.Release|Any CPU.ActiveCfg = Release|Any CPU
		{FB4CA95F-603D-4440-980C-E80BEE40F36F}.Release|Any CPU.Build.0 = Release|Any CPU
		{317D767A-F00E-424E-B5D9-CD754BD93C01}.Debug|Any CPU.ActiveCfg = Debug|Any CPU
		{317D767A-F00E-424E-B5D9-CD754BD93C01}.Debug|Any CPU.Build.0 = Debug|Any CPU
		{317D767A-F00E-424E-B5D9-CD754BD93C01}.Release|Any CPU.ActiveCfg = Release|Any CPU
		{317D767A-F00E-424E-B5D9-CD754BD93C01}.Release|Any CPU.Build.0 = Release|Any CPU
		{B4AE2208-4510-4280-ADEC-18263BC29FCD}.Debug|Any CPU.ActiveCfg = Debug|Any CPU
		{B4AE2208-4510-4280-ADEC-18263BC29FCD}.Debug|Any CPU.Build.0 = Debug|Any CPU
		{B4AE2208-4510-4280-ADEC-18263BC29FCD}.Release|Any CPU.ActiveCfg = Release|Any CPU
		{B4AE2208-4510-4280-ADEC-18263BC29FCD}.Release|Any CPU.Build.0 = Release|Any CPU
		{D09AE150-72A9-4EEB-843F-1B30C488FFE7}.Debug|Any CPU.ActiveCfg = Debug|Any CPU
		{D09AE150-72A9-4EEB-843F-1B30C488FFE7}.Debug|Any CPU.Build.0 = Debug|Any CPU
		{D09AE150-72A9-4EEB-843F-1B30C488FFE7}.Release|Any CPU.ActiveCfg = Release|Any CPU
		{D09AE150-72A9-4EEB-843F-1B30C488FFE7}.Release|Any CPU.Build.0 = Release|Any CPU
		{E2912B84-01F4-4D32-9B3A-B6F5343AA76C}.Debug|Any CPU.ActiveCfg = Debug|Any CPU
		{E2912B84-01F4-4D32-9B3A-B6F5343AA76C}.Debug|Any CPU.Build.0 = Debug|Any CPU
		{E2912B84-01F4-4D32-9B3A-B6F5343AA76C}.Release|Any CPU.ActiveCfg = Release|Any CPU
		{E2912B84-01F4-4D32-9B3A-B6F5343AA76C}.Release|Any CPU.Build.0 = Release|Any CPU
		{C1BC916E-6023-4A81-AC78-28C0CE56E812}.Debug|Any CPU.ActiveCfg = Debug|Any CPU
		{C1BC916E-6023-4A81-AC78-28C0CE56E812}.Debug|Any CPU.Build.0 = Debug|Any CPU
		{C1BC916E-6023-4A81-AC78-28C0CE56E812}.Release|Any CPU.ActiveCfg = Release|Any CPU
		{C1BC916E-6023-4A81-AC78-28C0CE56E812}.Release|Any CPU.Build.0 = Release|Any CPU
		{8C0CFE64-AA34-4FB4-8534-DBB1F1194F6A}.Debug|Any CPU.ActiveCfg = Debug|Any CPU
		{8C0CFE64-AA34-4FB4-8534-DBB1F1194F6A}.Debug|Any CPU.Build.0 = Debug|Any CPU
		{8C0CFE64-AA34-4FB4-8534-DBB1F1194F6A}.Release|Any CPU.ActiveCfg = Release|Any CPU
		{8C0CFE64-AA34-4FB4-8534-DBB1F1194F6A}.Release|Any CPU.Build.0 = Release|Any CPU
		{9680F62F-A632-46DE-B364-3188DFEE10CD}.Debug|Any CPU.ActiveCfg = Debug|Any CPU
		{9680F62F-A632-46DE-B364-3188DFEE10CD}.Debug|Any CPU.Build.0 = Debug|Any CPU
		{9680F62F-A632-46DE-B364-3188DFEE10CD}.Release|Any CPU.ActiveCfg = Release|Any CPU
		{9680F62F-A632-46DE-B364-3188DFEE10CD}.Release|Any CPU.Build.0 = Release|Any CPU
	EndGlobalSection
	GlobalSection(SolutionProperties) = preSolution
		HideSolutionNode = FALSE
	EndGlobalSection
	GlobalSection(ExtensibilityGlobals) = postSolution
		SolutionGuid = {C46F81A3-47CA-4878-8A73-052BCEB673E7}
	EndGlobalSection
EndGlobal
