
Microsoft Visual Studio Solution File, Format Version 12.00
# Visual Studio Version 16
VisualStudioVersion = 16.0.30413.136
MinimumVisualStudioVersion = 10.0.40219.1
Project("{9A19103F-16F7-4668-BE54-9A1E7A4F7556}") = "DataAcquisition.DeviceLibrary", "DataAcquisition.DeviceLibrary\DataAcquisition.DeviceLibrary.csproj", "{33325E54-BBB3-41D2-B0F8-0D9B3067A13F}"
EndProject
Project("{9A19103F-16F7-4668-BE54-9A1E7A4F7556}") = "DataAcquisition.DeviceSimulator", "DataAcquisition.DeviceSimulator\DataAcquisition.DeviceSimulator.csproj", "{19BE14D0-21A9-49D8-BF9D-97EB9D1237AC}"
EndProject
Project("{9A19103F-16F7-4668-BE54-9A1E7A4F7556}") = "DataAcquisition.Scanner", "DataAcquisition.Scanner\DataAcquisition.Scanner.csproj", "{202AC8FC-8B47-4B4C-A549-87FE0B3EEAC4}"
EndProject
Project("{9A19103F-16F7-4668-BE54-9A1E7A4F7556}") = "DataAcquisition.DataAccessEF", "DataAcquisition.DataAccessEF\DataAcquisition.DataAccessEF.csproj", "{F45FCAAD-C920-420E-B44A-4A681058BFD4}"
EndProject
Project("{9A19103F-16F7-4668-BE54-9A1E7A4F7556}") = "DataAcquisition.Interface", "DataAcquisition.Interface\DataAcquisition.Interface.csproj", "{EEBD5214-937D-410F-9FAD-8195183D4ACC}"
EndProject
Project("{9A19103F-16F7-4668-BE54-9A1E7A4F7556}") = "DataAcquisition.Service", "DataAcquisition.Service\DataAcquisition.Service.csproj", "{1EBA8671-98C6-4055-B6A0-63355AD0EE01}"
EndProject
Project("{9A19103F-16F7-4668-BE54-9A1E7A4F7556}") = "DataAcquisition.Repository", "DataAcquisition.Repository\DataAcquisition.Repository.csproj", "{C9005940-0DBA-46B8-8541-CBABA58F0DE8}"
EndProject
Project("{9A19103F-16F7-4668-BE54-9A1E7A4F7556}") = "DataAcquisition.Model", "DataAcquisition.Model\DataAcquisition.Model.csproj", "{3C096353-85E4-47B8-9568-0C95DE907252}"
EndProject
Project("{9A19103F-16F7-4668-BE54-9A1E7A4F7556}") = "DataAcquisition.API", "DataAcquisition.API\DataAcquisition.API.csproj", "{FB4CA95F-603D-4440-980C-E80BEE40F36F}"
EndProject
Project("{FAE04EC0-301F-11D3-BF4B-00C04F79EFBC}") = "DataAcquisition.Managers", "DataAcquisition.Managers\DataAcquisition.Managers.csproj", "{D44AF1EA-F496-4F4F-B74F-CD0B737D0F9C}"
EndProject
Global
	GlobalSection(SolutionConfigurationPlatforms) = preSolution
		Debug|Any CPU = Debug|Any CPU
		Release|Any CPU = Release|Any CPU
	EndGlobalSection
	GlobalSection(ProjectConfigurationPlatforms) = postSolution
		{33325E54-BBB3-41D2-B0F8-0D9B3067A13F}.Debug|Any CPU.ActiveCfg = Debug|Any CPU
		{33325E54-BBB3-41D2-B0F8-0D9B3067A13F}.Debug|Any CPU.Build.0 = Debug|Any CPU
		{33325E54-BBB3-41D2-B0F8-0D9B3067A13F}.Release|Any CPU.ActiveCfg = Release|Any CPU
		{33325E54-BBB3-41D2-B0F8-0D9B3067A13F}.Release|Any CPU.Build.0 = Release|Any CPU
		{19BE14D0-21A9-49D8-BF9D-97EB9D1237AC}.Debug|Any CPU.ActiveCfg = Debug|Any CPU
		{19BE14D0-21A9-49D8-BF9D-97EB9D1237AC}.Debug|Any CPU.Build.0 = Debug|Any CPU
		{19BE14D0-21A9-49D8-BF9D-97EB9D1237AC}.Release|Any CPU.ActiveCfg = Release|Any CPU
		{19BE14D0-21A9-49D8-BF9D-97EB9D1237AC}.Release|Any CPU.Build.0 = Release|Any CPU
		{202AC8FC-8B47-4B4C-A549-87FE0B3EEAC4}.Debug|Any CPU.ActiveCfg = Debug|Any CPU
		{202AC8FC-8B47-4B4C-A549-87FE0B3EEAC4}.Debug|Any CPU.Build.0 = Debug|Any CPU
		{202AC8FC-8B47-4B4C-A549-87FE0B3EEAC4}.Release|Any CPU.ActiveCfg = Release|Any CPU
		{202AC8FC-8B47-4B4C-A549-87FE0B3EEAC4}.Release|Any CPU.Build.0 = Release|Any CPU
		{F45FCAAD-C920-420E-B44A-4A681058BFD4}.Debug|Any CPU.ActiveCfg = Debug|Any CPU
		{F45FCAAD-C920-420E-B44A-4A681058BFD4}.Debug|Any CPU.Build.0 = Debug|Any CPU
		{F45FCAAD-C920-420E-B44A-4A681058BFD4}.Release|Any CPU.ActiveCfg = Release|Any CPU
		{F45FCAAD-C920-420E-B44A-4A681058BFD4}.Release|Any CPU.Build.0 = Release|Any CPU
		{EEBD5214-937D-410F-9FAD-8195183D4ACC}.Debug|Any CPU.ActiveCfg = Debug|Any CPU
		{EEBD5214-937D-410F-9FAD-8195183D4ACC}.Debug|Any CPU.Build.0 = Debug|Any CPU
		{EEBD5214-937D-410F-9FAD-8195183D4ACC}.Release|Any CPU.ActiveCfg = Release|Any CPU
		{EEBD5214-937D-410F-9FAD-8195183D4ACC}.Release|Any CPU.Build.0 = Release|Any CPU
		{1EBA8671-98C6-4055-B6A0-63355AD0EE01}.Debug|Any CPU.ActiveCfg = Debug|Any CPU
		{1EBA8671-98C6-4055-B6A0-63355AD0EE01}.Debug|Any CPU.Build.0 = Debug|Any CPU
		{1EBA8671-98C6-4055-B6A0-63355AD0EE01}.Release|Any CPU.ActiveCfg = Release|Any CPU
		{1EBA8671-98C6-4055-B6A0-63355AD0EE01}.Release|Any CPU.Build.0 = Release|Any CPU
		{C9005940-0DBA-46B8-8541-CBABA58F0DE8}.Debug|Any CPU.ActiveCfg = Debug|Any CPU
		{C9005940-0DBA-46B8-8541-CBABA58F0DE8}.Debug|Any CPU.Build.0 = Debug|Any CPU
		{C9005940-0DBA-46B8-8541-CBABA58F0DE8}.Release|Any CPU.ActiveCfg = Release|Any CPU
		{C9005940-0DBA-46B8-8541-CBABA58F0DE8}.Release|Any CPU.Build.0 = Release|Any CPU
		{3C096353-85E4-47B8-9568-0C95DE907252}.Debug|Any CPU.ActiveCfg = Debug|Any CPU
		{3C096353-85E4-47B8-9568-0C95DE907252}.Debug|Any CPU.Build.0 = Debug|Any CPU
		{3C096353-85E4-47B8-9568-0C95DE907252}.Release|Any CPU.ActiveCfg = Release|Any CPU
		{3C096353-85E4-47B8-9568-0C95DE907252}.Release|Any CPU.Build.0 = Release|Any CPU
		{FB4CA95F-603D-4440-980C-E80BEE40F36F}.Debug|Any CPU.ActiveCfg = Debug|Any CPU
		{FB4CA95F-603D-4440-980C-E80BEE40F36F}.Debug|Any CPU.Build.0 = Debug|Any CPU
		{FB4CA95F-603D-4440-980C-E80BEE40F36F}.Release|Any CPU.ActiveCfg = Release|Any CPU
		{FB4CA95F-603D-4440-980C-E80BEE40F36F}.Release|Any CPU.Build.0 = Release|Any CPU
		{D44AF1EA-F496-4F4F-B74F-CD0B737D0F9C}.Debug|Any CPU.ActiveCfg = Debug|Any CPU
		{D44AF1EA-F496-4F4F-B74F-CD0B737D0F9C}.Debug|Any CPU.Build.0 = Debug|Any CPU
		{D44AF1EA-F496-4F4F-B74F-CD0B737D0F9C}.Release|Any CPU.ActiveCfg = Release|Any CPU
		{D44AF1EA-F496-4F4F-B74F-CD0B737D0F9C}.Release|Any CPU.Build.0 = Release|Any CPU
	EndGlobalSection
	GlobalSection(SolutionProperties) = preSolution
		HideSolutionNode = FALSE
	EndGlobalSection
	GlobalSection(ExtensibilityGlobals) = postSolution
		SolutionGuid = {C46F81A3-47CA-4878-8A73-052BCEB673E7}
	EndGlobalSection
EndGlobal
