
Microsoft Visual Studio Solution File, Format Version 12.00
# Visual Studio Version 16
VisualStudioVersion = 16.0.30413.136
MinimumVisualStudioVersion = 10.0.40219.1
Project("{9A19103F-16F7-4668-BE54-9A1E7A4F7556}") = "Istip.DataAcquisition.API", "Istip.DataAcquisition.API\Istip.DataAcquisition.API.csproj", "{0EDE08D1-6815-416A-AC7A-B18974813AA7}"
EndProject
Project("{9A19103F-16F7-4668-BE54-9A1E7A4F7556}") = "Istip.DataAcquisition.Service", "Istip.DataAcquisition.Service\Istip.DataAcquisition.Service.csproj", "{B343F2EE-5028-46D2-8CB2-EE95C8211344}"
EndProject
Project("{9A19103F-16F7-4668-BE54-9A1E7A4F7556}") = "Istip.DataAcquisition.LicenseManager", "Istip.DataAcquisition.LicenseManager\Istip.DataAcquisition.LicenseManager.csproj", "{C6BF2787-3FE2-445F-B901-85F7D47A4AC8}"
EndProject
Project("{9A19103F-16F7-4668-BE54-9A1E7A4F7556}") = "Istip.DataAcquisition.ConnectionManager", "Istip.DataAcquisition.ConnectionManager\Istip.DataAcquisition.ConnectionManager.csproj", "{0281E19F-CCCD-4270-8E62-3175E3635934}"
EndProject
Project("{9A19103F-16F7-4668-BE54-9A1E7A4F7556}") = "Istip.DataAcquisition.DeviceLibrary", "Istip.DataAcquisition.DeviceLibrary\Istip.DataAcquisition.DeviceLibrary.csproj", "{33325E54-BBB3-41D2-B0F8-0D9B3067A13F}"
EndProject
Project("{9A19103F-16F7-4668-BE54-9A1E7A4F7556}") = "Istip.DataAcquisition.NotificationManager", "Istip.DataAcquisition.NotificationManager\Istip.DataAcquisition.NotificationManager.csproj", "{F127C7CE-3B66-43F7-8C55-D6F055702402}"
EndProject
Project("{9A19103F-16F7-4668-BE54-9A1E7A4F7556}") = "Istip.DataAcquisition.Analyser", "Istip.DataAcquisition.Analyser\Istip.DataAcquisition.Analyser.csproj", "{B0D8AC94-981A-4F96-89FE-8438AEE018FA}"
EndProject
Project("{9A19103F-16F7-4668-BE54-9A1E7A4F7556}") = "Istip.DataAcquisition.FileManager", "Istip.DataAcquisition.FileManager\Istip.DataAcquisition.FileManager.csproj", "{E468FCF7-ED6C-4EAB-85D0-D55BDAE32CBC}"
EndProject
Project("{9A19103F-16F7-4668-BE54-9A1E7A4F7556}") = "Istip.DataAcquisition.CalibrationManager", "Istip.DataAcquisition.CalibrationManager\Istip.DataAcquisition.CalibrationManager.csproj", "{157D0D70-E5A0-44FF-B16E-F3838C0A36A5}"
EndProject
Project("{9A19103F-16F7-4668-BE54-9A1E7A4F7556}") = "Istip.DataAcquisition.ReportManager", "Istip.DataAcquisition.ReportManager\Istip.DataAcquisition.ReportManager.csproj", "{87FF4E6B-0FC1-4EED-BCFA-D8AB205CEDF7}"
EndProject
Project("{9A19103F-16F7-4668-BE54-9A1E7A4F7556}") = "Istip.DataAcquisition.ExperimentManager", "Istip.DataAcquisition.ExperimentManager\Istip.DataAcquisition.ExperimentManager.csproj", "{A843086A-B732-4009-AAA0-A7066DCC12B8}"
EndProject
Project("{9A19103F-16F7-4668-BE54-9A1E7A4F7556}") = "Istip.DataAcquisition.DeviceSimulator", "Istip.DataAcquisition.DeviceSimulator\Istip.DataAcquisition.DeviceSimulator.csproj", "{19BE14D0-21A9-49D8-BF9D-97EB9D1237AC}"
EndProject
Project("{9A19103F-16F7-4668-BE54-9A1E7A4F7556}") = "Istip.DataAcquisition.Repository", "Istip.DataAcquisition.Repository\Istip.DataAcquisition.Repository.csproj", "{97C86BED-654D-4D6D-B457-9A4BA0611B30}"
EndProject
Project("{9A19103F-16F7-4668-BE54-9A1E7A4F7556}") = "Istip.DataAcquisition.Scanner", "Istip.DataAcquisition.Scanner\Istip.DataAcquisition.Scanner.csproj", "{202AC8FC-8B47-4B4C-A549-87FE0B3EEAC4}"
EndProject
Project("{FAE04EC0-301F-11D3-BF4B-00C04F79EFBC}") = "Istip.DataAcquisition.Data", "Istip.DataAcquisition.Data\Istip.DataAcquisition.Data.csproj", "{F45FCAAD-C920-420E-B44A-4A681058BFD4}"
EndProject
Project("{FAE04EC0-301F-11D3-BF4B-00C04F79EFBC}") = "Istip.DataAcquisition.Core", "Istip.DataAcquisition.Core\Istip.DataAcquisition.Core.csproj", "{EEBD5214-937D-410F-9FAD-8195183D4ACC}"
EndProject
Global
	GlobalSection(SolutionConfigurationPlatforms) = preSolution
		Debug|Any CPU = Debug|Any CPU
		Release|Any CPU = Release|Any CPU
	EndGlobalSection
	GlobalSection(ProjectConfigurationPlatforms) = postSolution
		{0EDE08D1-6815-416A-AC7A-B18974813AA7}.Debug|Any CPU.ActiveCfg = Debug|Any CPU
		{0EDE08D1-6815-416A-AC7A-B18974813AA7}.Debug|Any CPU.Build.0 = Debug|Any CPU
		{0EDE08D1-6815-416A-AC7A-B18974813AA7}.Release|Any CPU.ActiveCfg = Release|Any CPU
		{0EDE08D1-6815-416A-AC7A-B18974813AA7}.Release|Any CPU.Build.0 = Release|Any CPU
		{B343F2EE-5028-46D2-8CB2-EE95C8211344}.Debug|Any CPU.ActiveCfg = Debug|Any CPU
		{B343F2EE-5028-46D2-8CB2-EE95C8211344}.Debug|Any CPU.Build.0 = Debug|Any CPU
		{B343F2EE-5028-46D2-8CB2-EE95C8211344}.Release|Any CPU.ActiveCfg = Release|Any CPU
		{B343F2EE-5028-46D2-8CB2-EE95C8211344}.Release|Any CPU.Build.0 = Release|Any CPU
		{C6BF2787-3FE2-445F-B901-85F7D47A4AC8}.Debug|Any CPU.ActiveCfg = Debug|Any CPU
		{C6BF2787-3FE2-445F-B901-85F7D47A4AC8}.Debug|Any CPU.Build.0 = Debug|Any CPU
		{C6BF2787-3FE2-445F-B901-85F7D47A4AC8}.Release|Any CPU.ActiveCfg = Release|Any CPU
		{C6BF2787-3FE2-445F-B901-85F7D47A4AC8}.Release|Any CPU.Build.0 = Release|Any CPU
		{0281E19F-CCCD-4270-8E62-3175E3635934}.Debug|Any CPU.ActiveCfg = Debug|Any CPU
		{0281E19F-CCCD-4270-8E62-3175E3635934}.Debug|Any CPU.Build.0 = Debug|Any CPU
		{0281E19F-CCCD-4270-8E62-3175E3635934}.Release|Any CPU.ActiveCfg = Release|Any CPU
		{0281E19F-CCCD-4270-8E62-3175E3635934}.Release|Any CPU.Build.0 = Release|Any CPU
		{33325E54-BBB3-41D2-B0F8-0D9B3067A13F}.Debug|Any CPU.ActiveCfg = Debug|Any CPU
		{33325E54-BBB3-41D2-B0F8-0D9B3067A13F}.Debug|Any CPU.Build.0 = Debug|Any CPU
		{33325E54-BBB3-41D2-B0F8-0D9B3067A13F}.Release|Any CPU.ActiveCfg = Release|Any CPU
		{33325E54-BBB3-41D2-B0F8-0D9B3067A13F}.Release|Any CPU.Build.0 = Release|Any CPU
		{F127C7CE-3B66-43F7-8C55-D6F055702402}.Debug|Any CPU.ActiveCfg = Debug|Any CPU
		{F127C7CE-3B66-43F7-8C55-D6F055702402}.Debug|Any CPU.Build.0 = Debug|Any CPU
		{F127C7CE-3B66-43F7-8C55-D6F055702402}.Release|Any CPU.ActiveCfg = Release|Any CPU
		{F127C7CE-3B66-43F7-8C55-D6F055702402}.Release|Any CPU.Build.0 = Release|Any CPU
		{B0D8AC94-981A-4F96-89FE-8438AEE018FA}.Debug|Any CPU.ActiveCfg = Debug|Any CPU
		{B0D8AC94-981A-4F96-89FE-8438AEE018FA}.Debug|Any CPU.Build.0 = Debug|Any CPU
		{B0D8AC94-981A-4F96-89FE-8438AEE018FA}.Release|Any CPU.ActiveCfg = Release|Any CPU
		{B0D8AC94-981A-4F96-89FE-8438AEE018FA}.Release|Any CPU.Build.0 = Release|Any CPU
		{E468FCF7-ED6C-4EAB-85D0-D55BDAE32CBC}.Debug|Any CPU.ActiveCfg = Debug|Any CPU
		{E468FCF7-ED6C-4EAB-85D0-D55BDAE32CBC}.Debug|Any CPU.Build.0 = Debug|Any CPU
		{E468FCF7-ED6C-4EAB-85D0-D55BDAE32CBC}.Release|Any CPU.ActiveCfg = Release|Any CPU
		{E468FCF7-ED6C-4EAB-85D0-D55BDAE32CBC}.Release|Any CPU.Build.0 = Release|Any CPU
		{157D0D70-E5A0-44FF-B16E-F3838C0A36A5}.Debug|Any CPU.ActiveCfg = Debug|Any CPU
		{157D0D70-E5A0-44FF-B16E-F3838C0A36A5}.Debug|Any CPU.Build.0 = Debug|Any CPU
		{157D0D70-E5A0-44FF-B16E-F3838C0A36A5}.Release|Any CPU.ActiveCfg = Release|Any CPU
		{157D0D70-E5A0-44FF-B16E-F3838C0A36A5}.Release|Any CPU.Build.0 = Release|Any CPU
		{87FF4E6B-0FC1-4EED-BCFA-D8AB205CEDF7}.Debug|Any CPU.ActiveCfg = Debug|Any CPU
		{87FF4E6B-0FC1-4EED-BCFA-D8AB205CEDF7}.Debug|Any CPU.Build.0 = Debug|Any CPU
		{87FF4E6B-0FC1-4EED-BCFA-D8AB205CEDF7}.Release|Any CPU.ActiveCfg = Release|Any CPU
		{87FF4E6B-0FC1-4EED-BCFA-D8AB205CEDF7}.Release|Any CPU.Build.0 = Release|Any CPU
		{A843086A-B732-4009-AAA0-A7066DCC12B8}.Debug|Any CPU.ActiveCfg = Debug|Any CPU
		{A843086A-B732-4009-AAA0-A7066DCC12B8}.Debug|Any CPU.Build.0 = Debug|Any CPU
		{A843086A-B732-4009-AAA0-A7066DCC12B8}.Release|Any CPU.ActiveCfg = Release|Any CPU
		{A843086A-B732-4009-AAA0-A7066DCC12B8}.Release|Any CPU.Build.0 = Release|Any CPU
		{19BE14D0-21A9-49D8-BF9D-97EB9D1237AC}.Debug|Any CPU.ActiveCfg = Debug|Any CPU
		{19BE14D0-21A9-49D8-BF9D-97EB9D1237AC}.Debug|Any CPU.Build.0 = Debug|Any CPU
		{19BE14D0-21A9-49D8-BF9D-97EB9D1237AC}.Release|Any CPU.ActiveCfg = Release|Any CPU
		{19BE14D0-21A9-49D8-BF9D-97EB9D1237AC}.Release|Any CPU.Build.0 = Release|Any CPU
		{97C86BED-654D-4D6D-B457-9A4BA0611B30}.Debug|Any CPU.ActiveCfg = Debug|Any CPU
		{97C86BED-654D-4D6D-B457-9A4BA0611B30}.Debug|Any CPU.Build.0 = Debug|Any CPU
		{97C86BED-654D-4D6D-B457-9A4BA0611B30}.Release|Any CPU.ActiveCfg = Release|Any CPU
		{97C86BED-654D-4D6D-B457-9A4BA0611B30}.Release|Any CPU.Build.0 = Release|Any CPU
		{202AC8FC-8B47-4B4C-A549-87FE0B3EEAC4}.Debug|Any CPU.ActiveCfg = Debug|Any CPU
		{202AC8FC-8B47-4B4C-A549-87FE0B3EEAC4}.Debug|Any CPU.Build.0 = Debug|Any CPU
		{202AC8FC-8B47-4B4C-A549-87FE0B3EEAC4}.Release|Any CPU.ActiveCfg = Release|Any CPU
		{202AC8FC-8B47-4B4C-A549-87FE0B3EEAC4}.Release|Any CPU.Build.0 = Release|Any CPU
		{F45FCAAD-C920-420E-B44A-4A681058BFD4}.Debug|Any CPU.ActiveCfg = Debug|Any CPU
		{F45FCAAD-C920-420E-B44A-4A681058BFD4}.Debug|Any CPU.Build.0 = Debug|Any CPU
		{F45FCAAD-C920-420E-B44A-4A681058BFD4}.Release|Any CPU.ActiveCfg = Release|Any CPU
		{F45FCAAD-C920-420E-B44A-4A681058BFD4}.Release|Any CPU.Build.0 = Release|Any CPU
		{EEBD5214-937D-410F-9FAD-8195183D4ACC}.Debug|Any CPU.ActiveCfg = Debug|Any CPU
		{EEBD5214-937D-410F-9FAD-8195183D4ACC}.Debug|Any CPU.Build.0 = Debug|Any CPU
		{EEBD5214-937D-410F-9FAD-8195183D4ACC}.Release|Any CPU.ActiveCfg = Release|Any CPU
		{EEBD5214-937D-410F-9FAD-8195183D4ACC}.Release|Any CPU.Build.0 = Release|Any CPU
	EndGlobalSection
	GlobalSection(SolutionProperties) = preSolution
		HideSolutionNode = FALSE
	EndGlobalSection
	GlobalSection(ExtensibilityGlobals) = postSolution
		SolutionGuid = {C46F81A3-47CA-4878-8A73-052BCEB673E7}
	EndGlobalSection
EndGlobal
